# THIS IS AN AUTOGENERATED FILE. DO NOT EDIT THIS FILE DIRECTLY.
# yarn lockfile v1


vee-validate@^3.3.0:
  version "3.3.0"
  resolved "https://registry.yarnpkg.com/vee-validate/-/vee-validate-3.3.0.tgz#9f426831cbf8394860b948b30a7bcc6d2b5d173b"
  integrity sha512-+QQZgA0I9ZTDsYNOSFlUqOvGIqW4yxjloxQCC6TD0rPn407G9hifn6RnId8kzl6+zHfl3/dE+bko49mYzgNNGg==

vue-router@^3.1.6:
  version "3.1.6"
  resolved "https://registry.yarnpkg.com/vue-router/-/vue-router-3.1.6.tgz#45f5a3a3843e31702c061dd829393554e4328f89"
  integrity sha512-GYhn2ynaZlysZMkFE5oCHRUTqE8BWs/a9YbKpNLi0i7xD6KG1EzDqpHQmv1F5gXjr8kL5iIVS8EOtRaVUEXTqA==
